{
  "name": "roblox-ai-game-builder",
  "version": "1.0.0",
  "lockfileVersion": 3,
  "requires": true,
  "packages": {
    "": {
      "name": "roblox-ai-game-builder",
      "version": "1.0.0",
      "license": "MIT",
      "bin": {
        "roblox-ai-builder": "server/cli.js"
      },
      "devDependencies": {
        "luau-parser": "^1.0.3"
      },
      "engines": {
        "node": ">=18"
      }
    },
    "node_modules/luau-parser": {
      "version": "1.0.3",
      "resolved": "https://registry.npmjs.org/luau-parser/-/luau-parser-1.0.3.tgz",
      "integrity": "sha512-6vVNWSszQhCZEDfUek6vHtLOH2o0KMULMcG15M6wUxerULnubGgWhYIgpPv85N6DcfQ7bdcdxa9m3UyCiTnWxg==",
      "dev": true,
      "license": "ISC"
    }
  }
}
